{
  "name": "angular-material",
  "version": "1.0.0",
  "lockfileVersion": 1,
  "requires": true,
  "dependencies": {
    "@angular/material": {
      "version": "12.0.1",
      "resolved": "https://registry.npmjs.org/@angular/material/-/material-12.0.1.tgz",
      "integrity": "sha512-Sevy/ssBuidSbpixUH8SvBXpHn+rKYfDao2YTgQxBJugIun9mnV0QqlzVG2gkdVYCesqEgZJRe3k7QXq7E+vlw==",
      "requires": {
        "tslib": "^2.1.0"
      }
    },
    "angular": {
      "version": "1.6.0",
      "resolved": "https://registry.npmjs.org/angular/-/angular-1.6.0.tgz",
      "integrity": "sha1-FsXt69CjQgRr1Sgcyi3s8ExA33Y="
    },
    "angular-animate": {
      "version": "1.7.2",
      "resolved": "https://registry.npmjs.org/angular-animate/-/angular-animate-1.7.2.tgz",
      "integrity": "sha512-/MQL2FEFXhdzFUKJ9AJq6gAYz3YGsh2xHTztuQKY5FkqjEBpF5YGypgprTz153P7t51T8nFqLsG8jwkpRdM6gg=="
    },
    "angular-aria": {
      "version": "1.7.2",
      "resolved": "https://registry.npmjs.org/angular-aria/-/angular-aria-1.7.2.tgz",
      "integrity": "sha512-tnra11eAHwwMCgWg6Uo9WKZPXF6u4NcpK8xOfYbSWKdTil4aQjUwvEJWBp6r7h312oeIF1lb6hjXOYFg0PUsYw=="
    },
    "angular-material": {
      "version": "1.1.10",
      "resolved": "https://registry.npmjs.org/angular-material/-/angular-material-1.1.10.tgz",
      "integrity": "sha512-LfBt5a1AVPbtsFzbmAyyZj90Gtc1U94OGtfMEauGzwsfqTnbH/y/9dtndH84N9S65wXkBoBe3VG6kfyoQSeCVw=="
    },
    "angular-messages": {
      "version": "1.7.2",
      "resolved": "https://registry.npmjs.org/angular-messages/-/angular-messages-1.7.2.tgz",
      "integrity": "sha512-hLBZAApHpemfTN3IsItSczrLVm+6sAIn9XRV5PEFKBmfqE1umAmPAeFByfy9DLebJyR17rcFQ5qMj/KZk0ZtBA=="
    },
    "tslib": {
      "version": "2.2.0",
      "resolved": "https://registry.npmjs.org/tslib/-/tslib-2.2.0.tgz",
      "integrity": "sha512-gS9GVHRU+RGn5KQM2rllAlR3dU6m7AcpJKdtH8gFvQiC4Otgk98XnmMU+nZenHt/+VhnBPWwgrJsyrdcw6i23w=="
    }
  }
}
